
Microsoft Visual Studio Solution File, Format Version 12.00
# Visual Studio 2012
Project("{FAE04EC0-301F-11D3-BF4B-00C04F79EFBC}") = "5_rectangleLAB", "labs_pr\5_rectangleLAB.csproj", "{C16C51E2-E3B2-4580-98AB-4B62ED822442}"
EndProject
Global
	GlobalSection(SolutionConfigurationPlatforms) = preSolution
		Debug|Any CPU = Debug|Any CPU
		Release|Any CPU = Release|Any CPU
	EndGlobalSection
	GlobalSection(ProjectConfigurationPlatforms) = postSolution
		{C16C51E2-E3B2-4580-98AB-4B62ED822442}.Debug|Any CPU.ActiveCfg = Debug|Any CPU
		{C16C51E2-E3B2-4580-98AB-4B62ED822442}.Debug|Any CPU.Build.0 = Debug|Any CPU
		{C16C51E2-E3B2-4580-98AB-4B62ED822442}.Release|Any CPU.ActiveCfg = Release|Any CPU
		{C16C51E2-E3B2-4580-98AB-4B62ED822442}.Release|Any CPU.Build.0 = Release|Any CPU
	EndGlobalSection
	GlobalSection(SolutionProperties) = preSolution
		HideSolutionNode = FALSE
	EndGlobalSection
EndGlobal
