
Microsoft Visual Studio Solution File, Format Version 12.00
# Visual Studio 2012
Project("{FAE04EC0-301F-11D3-BF4B-00C04F79EFBC}") = "13Lab_AirplaneType", "ConsoleApplication1\13Lab_AirplaneType.csproj", "{B050CF28-9876-464F-92DF-26B02647A29A}"
EndProject
Project("{FAE04EC0-301F-11D3-BF4B-00C04F79EFBC}") = "UnitTestAirplaneLibrary", "UnitTestAirplaneLibrary\UnitTestAirplaneLibrary.csproj", "{BB97D4C1-AC4C-467E-AEA4-141921920DBB}"
EndProject
Global
	GlobalSection(SolutionConfigurationPlatforms) = preSolution
		Debug|Any CPU = Debug|Any CPU
		Release|Any CPU = Release|Any CPU
	EndGlobalSection
	GlobalSection(ProjectConfigurationPlatforms) = postSolution
		{B050CF28-9876-464F-92DF-26B02647A29A}.Debug|Any CPU.ActiveCfg = Debug|Any CPU
		{B050CF28-9876-464F-92DF-26B02647A29A}.Debug|Any CPU.Build.0 = Debug|Any CPU
		{B050CF28-9876-464F-92DF-26B02647A29A}.Release|Any CPU.ActiveCfg = Release|Any CPU
		{B050CF28-9876-464F-92DF-26B02647A29A}.Release|Any CPU.Build.0 = Release|Any CPU
		{BB97D4C1-AC4C-467E-AEA4-141921920DBB}.Debug|Any CPU.ActiveCfg = Debug|Any CPU
		{BB97D4C1-AC4C-467E-AEA4-141921920DBB}.Debug|Any CPU.Build.0 = Debug|Any CPU
		{BB97D4C1-AC4C-467E-AEA4-141921920DBB}.Release|Any CPU.ActiveCfg = Release|Any CPU
		{BB97D4C1-AC4C-467E-AEA4-141921920DBB}.Release|Any CPU.Build.0 = Release|Any CPU
	EndGlobalSection
	GlobalSection(SolutionProperties) = preSolution
		HideSolutionNode = FALSE
	EndGlobalSection
EndGlobal
