
Microsoft Visual Studio Solution File, Format Version 12.00
# Visual Studio 2012
Project("{FAE04EC0-301F-11D3-BF4B-00C04F79EFBC}") = "labs_calk", "labs_calk\labs_calk.csproj", "{9BB78C2F-F350-45E7-9D9B-24EC03D71F2A}"
EndProject
Global
	GlobalSection(SolutionConfigurationPlatforms) = preSolution
		Debug|Any CPU = Debug|Any CPU
		Release|Any CPU = Release|Any CPU
	EndGlobalSection
	GlobalSection(ProjectConfigurationPlatforms) = postSolution
		{9BB78C2F-F350-45E7-9D9B-24EC03D71F2A}.Debug|Any CPU.ActiveCfg = Debug|Any CPU
		{9BB78C2F-F350-45E7-9D9B-24EC03D71F2A}.Debug|Any CPU.Build.0 = Debug|Any CPU
		{9BB78C2F-F350-45E7-9D9B-24EC03D71F2A}.Release|Any CPU.ActiveCfg = Release|Any CPU
		{9BB78C2F-F350-45E7-9D9B-24EC03D71F2A}.Release|Any CPU.Build.0 = Release|Any CPU
	EndGlobalSection
	GlobalSection(SolutionProperties) = preSolution
		HideSolutionNode = FALSE
	EndGlobalSection
EndGlobal
